
Microsoft Visual Studio Solution File, Format Version 12.00
# Visual Studio 14
VisualStudioVersion = 14.0.25420.1
MinimumVisualStudioVersion = 10.0.40219.1
Project("{FAE04EC0-301F-11D3-BF4B-00C04F79EFBC}") = "CafeAlessio.Domain", "CafeAlessio.Domain\CafeAlessio.Domain.csproj", "{21FCF2A6-C5ED-4566-8D2A-5A8A74294E0C}"
EndProject
Project("{FAE04EC0-301F-11D3-BF4B-00C04F79EFBC}") = "CafeAlessio.Service", "CafeAlessio.Service\CafeAlessio.Service.csproj", "{88AB7DCB-FF71-44BF-BE07-EB939C1ED02B}"
EndProject
Project("{FAE04EC0-301F-11D3-BF4B-00C04F79EFBC}") = "CafeAlessio.Web", "CafeAlessio.Web\CafeAlessio.Web.csproj", "{C02A3FB9-B440-4912-939A-99A7CD37B5E4}"
EndProject
Project("{FAE04EC0-301F-11D3-BF4B-00C04F79EFBC}") = "CafeAlessio.Data", "CafeAlessio.Data\CafeAlessio.Data.csproj", "{C4FB3B8B-9164-4A6B-9875-24C1249AFD5A}"
EndProject
Project("{FAE04EC0-301F-11D3-BF4B-00C04F79EFBC}") = "UnitTest", "UnitTest\UnitTest.csproj", "{11FADF2F-B3ED-4938-AB22-25BEB4F85B83}"
EndProject
Project("{FAE04EC0-301F-11D3-BF4B-00C04F79EFBC}") = "CafeAlessio.WebApi2", "CafeAlessio.WebApi2\CafeAlessio.WebApi2.csproj", "{93B4F0D1-3A7B-4331-B5E5-C6BC1A132605}"
EndProject
Global
	GlobalSection(SolutionConfigurationPlatforms) = preSolution
		Debug|Any CPU = Debug|Any CPU
		Release|Any CPU = Release|Any CPU
	EndGlobalSection
	GlobalSection(ProjectConfigurationPlatforms) = postSolution
		{21FCF2A6-C5ED-4566-8D2A-5A8A74294E0C}.Debug|Any CPU.ActiveCfg = Debug|Any CPU
		{21FCF2A6-C5ED-4566-8D2A-5A8A74294E0C}.Debug|Any CPU.Build.0 = Debug|Any CPU
		{21FCF2A6-C5ED-4566-8D2A-5A8A74294E0C}.Release|Any CPU.ActiveCfg = Release|Any CPU
		{21FCF2A6-C5ED-4566-8D2A-5A8A74294E0C}.Release|Any CPU.Build.0 = Release|Any CPU
		{88AB7DCB-FF71-44BF-BE07-EB939C1ED02B}.Debug|Any CPU.ActiveCfg = Debug|Any CPU
		{88AB7DCB-FF71-44BF-BE07-EB939C1ED02B}.Debug|Any CPU.Build.0 = Debug|Any CPU
		{88AB7DCB-FF71-44BF-BE07-EB939C1ED02B}.Release|Any CPU.ActiveCfg = Release|Any CPU
		{88AB7DCB-FF71-44BF-BE07-EB939C1ED02B}.Release|Any CPU.Build.0 = Release|Any CPU
		{C02A3FB9-B440-4912-939A-99A7CD37B5E4}.Debug|Any CPU.ActiveCfg = Debug|Any CPU
		{C02A3FB9-B440-4912-939A-99A7CD37B5E4}.Debug|Any CPU.Build.0 = Debug|Any CPU
		{C02A3FB9-B440-4912-939A-99A7CD37B5E4}.Release|Any CPU.ActiveCfg = Release|Any CPU
		{C02A3FB9-B440-4912-939A-99A7CD37B5E4}.Release|Any CPU.Build.0 = Release|Any CPU
		{C4FB3B8B-9164-4A6B-9875-24C1249AFD5A}.Debug|Any CPU.ActiveCfg = Debug|Any CPU
		{C4FB3B8B-9164-4A6B-9875-24C1249AFD5A}.Debug|Any CPU.Build.0 = Debug|Any CPU
		{C4FB3B8B-9164-4A6B-9875-24C1249AFD5A}.Release|Any CPU.ActiveCfg = Release|Any CPU
		{C4FB3B8B-9164-4A6B-9875-24C1249AFD5A}.Release|Any CPU.Build.0 = Release|Any CPU
		{11FADF2F-B3ED-4938-AB22-25BEB4F85B83}.Debug|Any CPU.ActiveCfg = Debug|Any CPU
		{11FADF2F-B3ED-4938-AB22-25BEB4F85B83}.Debug|Any CPU.Build.0 = Debug|Any CPU
		{11FADF2F-B3ED-4938-AB22-25BEB4F85B83}.Release|Any CPU.ActiveCfg = Release|Any CPU
		{11FADF2F-B3ED-4938-AB22-25BEB4F85B83}.Release|Any CPU.Build.0 = Release|Any CPU
		{93B4F0D1-3A7B-4331-B5E5-C6BC1A132605}.Debug|Any CPU.ActiveCfg = Debug|Any CPU
		{93B4F0D1-3A7B-4331-B5E5-C6BC1A132605}.Debug|Any CPU.Build.0 = Debug|Any CPU
		{93B4F0D1-3A7B-4331-B5E5-C6BC1A132605}.Release|Any CPU.ActiveCfg = Release|Any CPU
		{93B4F0D1-3A7B-4331-B5E5-C6BC1A132605}.Release|Any CPU.Build.0 = Release|Any CPU
	EndGlobalSection
	GlobalSection(SolutionProperties) = preSolution
		HideSolutionNode = FALSE
	EndGlobalSection
EndGlobal
